
Microsoft Visual Studio Solution File, Format Version 12.00
# Visual Studio 14
VisualStudioVersion = 14.0.24720.0
MinimumVisualStudioVersion = 10.0.40219.1
Project("{FAE04EC0-301F-11D3-BF4B-00C04F79EFBC}") = "01. Shapes", "01. Advanced Interfaces and Abstraction\01. Shapes.csproj", "{4258849C-D548-4392-B4B1-79DD641A1EA7}"
EndProject
Project("{FAE04EC0-301F-11D3-BF4B-00C04F79EFBC}") = "02. Cars", "02. Cars\02. Cars.csproj", "{7F738BA5-803C-4295-B7FB-8018932DE9C2}"
EndProject
Global
	GlobalSection(SolutionConfigurationPlatforms) = preSolution
		Debug|Any CPU = Debug|Any CPU
		Release|Any CPU = Release|Any CPU
	EndGlobalSection
	GlobalSection(ProjectConfigurationPlatforms) = postSolution
		{4258849C-D548-4392-B4B1-79DD641A1EA7}.Debug|Any CPU.ActiveCfg = Debug|Any CPU
		{4258849C-D548-4392-B4B1-79DD641A1EA7}.Debug|Any CPU.Build.0 = Debug|Any CPU
		{4258849C-D548-4392-B4B1-79DD641A1EA7}.Release|Any CPU.ActiveCfg = Release|Any CPU
		{4258849C-D548-4392-B4B1-79DD641A1EA7}.Release|Any CPU.Build.0 = Release|Any CPU
		{7F738BA5-803C-4295-B7FB-8018932DE9C2}.Debug|Any CPU.ActiveCfg = Debug|Any CPU
		{7F738BA5-803C-4295-B7FB-8018932DE9C2}.Debug|Any CPU.Build.0 = Debug|Any CPU
		{7F738BA5-803C-4295-B7FB-8018932DE9C2}.Release|Any CPU.ActiveCfg = Release|Any CPU
		{7F738BA5-803C-4295-B7FB-8018932DE9C2}.Release|Any CPU.Build.0 = Release|Any CPU
	EndGlobalSection
	GlobalSection(SolutionProperties) = preSolution
		HideSolutionNode = FALSE
	EndGlobalSection
EndGlobal
